
Microsoft Visual Studio Solution File, Format Version 12.00
# Visual Studio Version 17
VisualStudioVersion = 17.8.34322.80
MinimumVisualStudioVersion = 10.0.40219.1
Project("{9A19103F-16F7-4668-BE54-9A1E7A4F7556}") = "trinnig_course_api_example_student_CRUD", "trinnig_course_api_example_student_CRUD.csproj", "{DC05B0E3-D159-4BDB-A3C8-BFE53BB8C3C5}"
EndProject
Project("{9A19103F-16F7-4668-BE54-9A1E7A4F7556}") = "Data_access_Layer", "..\Data_access_Layer\Data_access_Layer.csproj", "{840D9509-598E-44D9-AA3D-07854F05B5B7}"
EndProject
Project("{9A19103F-16F7-4668-BE54-9A1E7A4F7556}") = "Businees_Logic_Layer", "..\Businees_Logic_Layer\Businees_Logic_Layer.csproj", "{7CD93DE8-CC2B-4FA2-905F-75F3CB8F62A7}"
EndProject
Global
	GlobalSection(SolutionConfigurationPlatforms) = preSolution
		Debug|Any CPU = Debug|Any CPU
		Release|Any CPU = Release|Any CPU
	EndGlobalSection
	GlobalSection(ProjectConfigurationPlatforms) = postSolution
		{DC05B0E3-D159-4BDB-A3C8-BFE53BB8C3C5}.Debug|Any CPU.ActiveCfg = Debug|Any CPU
		{DC05B0E3-D159-4BDB-A3C8-BFE53BB8C3C5}.Debug|Any CPU.Build.0 = Debug|Any CPU
		{DC05B0E3-D159-4BDB-A3C8-BFE53BB8C3C5}.Release|Any CPU.ActiveCfg = Release|Any CPU
		{DC05B0E3-D159-4BDB-A3C8-BFE53BB8C3C5}.Release|Any CPU.Build.0 = Release|Any CPU
		{840D9509-598E-44D9-AA3D-07854F05B5B7}.Debug|Any CPU.ActiveCfg = Debug|Any CPU
		{840D9509-598E-44D9-AA3D-07854F05B5B7}.Debug|Any CPU.Build.0 = Debug|Any CPU
		{840D9509-598E-44D9-AA3D-07854F05B5B7}.Release|Any CPU.ActiveCfg = Release|Any CPU
		{840D9509-598E-44D9-AA3D-07854F05B5B7}.Release|Any CPU.Build.0 = Release|Any CPU
		{7CD93DE8-CC2B-4FA2-905F-75F3CB8F62A7}.Debug|Any CPU.ActiveCfg = Debug|Any CPU
		{7CD93DE8-CC2B-4FA2-905F-75F3CB8F62A7}.Debug|Any CPU.Build.0 = Debug|Any CPU
		{7CD93DE8-CC2B-4FA2-905F-75F3CB8F62A7}.Release|Any CPU.ActiveCfg = Release|Any CPU
		{7CD93DE8-CC2B-4FA2-905F-75F3CB8F62A7}.Release|Any CPU.Build.0 = Release|Any CPU
	EndGlobalSection
	GlobalSection(SolutionProperties) = preSolution
		HideSolutionNode = FALSE
	EndGlobalSection
	GlobalSection(ExtensibilityGlobals) = postSolution
		SolutionGuid = {49C62D87-4821-4EF1-BE11-E176EF15FDD4}
	EndGlobalSection
EndGlobal
